{
    "name": "vscode-portfolio",
    "version": "0.1.0",
    "lockfileVersion": 3,
    "requires": true,
    "packages": {
        "": {
            "name": "vscode-portfolio",
            "version": "0.1.0",
            "dependencies": {
                "@notionhq/client": "^2.2.15",
                "ftp": "^0.3.10",
                "next": "13.4.3",
                "next-translate": "^2.6.2",
                "react": "^18.2.0",
                "react-dom": "^18.2.0",
                "react-github-calendar": "^4.4.1",
                "url": "^0.11.4"
            },
            "devDependencies": {
                "next-translate-plugin": "^2.6.2"
            }
        },
        "node_modules/@babel/runtime": {
            "version": "7.25.7",
            "resolved": "https://registry.npmjs.org/@babel/runtime/-/runtime-7.25.7.tgz",
            "integrity": "sha512-FjoyLe754PMiYsFaN5C94ttGiOmBNYTf6pLr4xXHAT5uctHb092PBszndLDR5XA/jghQvn4n7JMHl7dmTgbm9w==",
            "dependencies": {
                "regenerator-runtime": "^0.14.0"
            },
            "engines": {
                "node": ">=6.9.0"
            }
        },
        "node_modules/@next/env": {
            "version": "13.4.3",
            "resolved": "https://registry.npmjs.org/@next/env/-/env-13.4.3.tgz",
            "integrity": "sha512-pa1ErjyFensznttAk3EIv77vFbfSYT6cLzVRK5jx4uiRuCQo+m2wCFAREaHKIy63dlgvOyMlzh6R8Inu8H3KrQ=="
        },
        "node_modules/@next/swc-darwin-arm64": {
            "version": "13.4.3",
            "resolved": "https://registry.npmjs.org/@next/swc-darwin-arm64/-/swc-darwin-arm64-13.4.3.tgz",
            "integrity": "sha512-yx18udH/ZmR4Bw4M6lIIPE3JxsAZwo04iaucEfA2GMt1unXr2iodHUX/LAKNyi6xoLP2ghi0E+Xi1f4Qb8f1LQ==",
            "cpu": [
                "arm64"
            ],
            "optional": true,
            "os": [
                "darwin"
            ],
            "engines": {
                "node": ">= 10"
            }
        },
        "node_modules/@next/swc-darwin-x64": {
            "version": "13.4.3",
            "resolved": "https://registry.npmjs.org/@next/swc-darwin-x64/-/swc-darwin-x64-13.4.3.tgz",
            "integrity": "sha512-Mi8xJWh2IOjryAM1mx18vwmal9eokJ2njY4nDh04scy37F0LEGJ/diL6JL6kTXi0UfUCGbMsOItf7vpReNiD2A==",
            "cpu": [
                "x64"
            ],
            "optional": true,
            "os": [
                "darwin"
            ],
            "engines": {
                "node": ">= 10"
            }
        },
        "node_modules/@next/swc-linux-arm64-gnu": {
            "version": "13.4.3",
            "resolved": "https://registry.npmjs.org/@next/swc-linux-arm64-gnu/-/swc-linux-arm64-gnu-13.4.3.tgz",
            "integrity": "sha512-aBvtry4bxJ1xwKZ/LVPeBGBwWVwxa4bTnNkRRw6YffJnn/f4Tv4EGDPaVeYHZGQVA56wsGbtA6nZMuWs/EIk4Q==",
            "cpu": [
                "arm64"
            ],
            "optional": true,
            "os": [
                "linux"
            ],
            "engines": {
                "node": ">= 10"
            }
        },
        "node_modules/@next/swc-linux-arm64-musl": {
            "version": "13.4.3",
            "resolved": "https://registry.npmjs.org/@next/swc-linux-arm64-musl/-/swc-linux-arm64-musl-13.4.3.tgz",
            "integrity": "sha512-krT+2G3kEsEUvZoYte3/2IscscDraYPc2B+fDJFipPktJmrv088Pei/RjrhWm5TMIy5URYjZUoDZdh5k940Dyw==",
            "cpu": [
                "arm64"
            ],
            "optional": true,
            "os": [
                "linux"
            ],
            "engines": {
                "node": ">= 10"
            }
        },
        "node_modules/@next/swc-linux-x64-gnu": {
            "version": "13.4.3",
            "resolved": "https://registry.npmjs.org/@next/swc-linux-x64-gnu/-/swc-linux-x64-gnu-13.4.3.tgz",
            "integrity": "sha512-AMdFX6EKJjC0G/CM6hJvkY8wUjCcbdj3Qg7uAQJ7PVejRWaVt0sDTMavbRfgMchx8h8KsAudUCtdFkG9hlEClw==",
            "cpu": [
                "x64"
            ],
            "optional": true,
            "os": [
                "linux"
            ],
            "engines": {
                "node": ">= 10"
            }
        },
        "node_modules/@next/swc-linux-x64-musl": {
            "version": "13.4.3",
            "resolved": "https://registry.npmjs.org/@next/swc-linux-x64-musl/-/swc-linux-x64-musl-13.4.3.tgz",
            "integrity": "sha512-jySgSXE48shaLtcQbiFO9ajE9mqz7pcAVLnVLvRIlUHyQYR/WyZdK8ehLs65Mz6j9cLrJM+YdmdJPyV4WDaz2g==",
            "cpu": [
                "x64"
            ],
            "optional": true,
            "os": [
                "linux"
            ],
            "engines": {
                "node": ">= 10"
            }
        },
        "node_modules/@next/swc-win32-arm64-msvc": {
            "version": "13.4.3",
            "resolved": "https://registry.npmjs.org/@next/swc-win32-arm64-msvc/-/swc-win32-arm64-msvc-13.4.3.tgz",
            "integrity": "sha512-5DxHo8uYcaADiE9pHrg8o28VMt/1kR8voDehmfs9AqS0qSClxAAl+CchjdboUvbCjdNWL1MISCvEfKY2InJ3JA==",
            "cpu": [
                "arm64"
            ],
            "optional": true,
            "os": [
                "win32"
            ],
            "engines": {
                "node": ">= 10"
            }
        },
        "node_modules/@next/swc-win32-ia32-msvc": {
            "version": "13.4.3",
            "resolved": "https://registry.npmjs.org/@next/swc-win32-ia32-msvc/-/swc-win32-ia32-msvc-13.4.3.tgz",
            "integrity": "sha512-LaqkF3d+GXRA5X6zrUjQUrXm2MN/3E2arXBtn5C7avBCNYfm9G3Xc646AmmmpN3DJZVaMYliMyCIQCMDEzk80w==",
            "cpu": [
                "ia32"
            ],
            "optional": true,
            "os": [
                "win32"
            ],
            "engines": {
                "node": ">= 10"
            }
        },
        "node_modules/@next/swc-win32-x64-msvc": {
            "version": "13.4.3",
            "resolved": "https://registry.npmjs.org/@next/swc-win32-x64-msvc/-/swc-win32-x64-msvc-13.4.3.tgz",
            "integrity": "sha512-jglUk/x7ZWeOJWlVoKyIAkHLTI+qEkOriOOV+3hr1GyiywzcqfI7TpFSiwC7kk1scOiH7NTFKp8mA3XPNO9bDw==",
            "cpu": [
                "x64"
            ],
            "optional": true,
            "os": [
                "win32"
            ],
            "engines": {
                "node": ">= 10"
            }
        },
        "node_modules/@notionhq/client": {
            "version": "2.2.15",
            "resolved": "https://registry.npmjs.org/@notionhq/client/-/client-2.2.15.tgz",
            "integrity": "sha512-XhdSY/4B1D34tSco/GION+23GMjaS9S2zszcqYkMHo8RcWInymF6L1x+Gk7EmHdrSxNFva2WM8orhC4BwQCwgw==",
            "dependencies": {
                "@types/node-fetch": "^2.5.10",
                "node-fetch": "^2.6.1"
            },
            "engines": {
                "node": ">=12"
            }
        },
        "node_modules/@swc/helpers": {
            "version": "0.5.1",
            "resolved": "https://registry.npmjs.org/@swc/helpers/-/helpers-0.5.1.tgz",
            "integrity": "sha512-sJ902EfIzn1Fa+qYmjdQqh8tPsoxyBz+8yBKC2HKUxyezKJFwPGOn7pv4WY6QuQW//ySQi5lJjA/ZT9sNWWNTg==",
            "dependencies": {
                "tslib": "^2.4.0"
            }
        },
        "node_modules/@types/node": {
            "version": "14.14.41",
            "resolved": "https://registry.npmjs.org/@types/node/-/node-14.14.41.tgz",
            "integrity": "sha512-dueRKfaJL4RTtSa7bWeTK1M+VH+Gns73oCgzvYfHZywRCoPSd8EkXBL0mZ9unPTveBn+D9phZBaxuzpwjWkW0g=="
        },
        "node_modules/@types/node-fetch": {
            "version": "2.5.11",
            "resolved": "https://registry.npmjs.org/@types/node-fetch/-/node-fetch-2.5.11.tgz",
            "integrity": "sha512-2upCKaqVZETDRb8A2VTaRymqFBEgH8u6yr96b/u3+1uQEPDRo3mJLEiPk7vdXBHRtjwkjqzFYMJXrt0Z9QsYjQ==",
            "dependencies": {
                "@types/node": "*",
                "form-data": "^3.0.0"
            }
        },
        "node_modules/asynckit": {
            "version": "0.4.0",
            "resolved": "https://registry.npmjs.org/asynckit/-/asynckit-0.4.0.tgz",
            "integrity": "sha1-x57Zf380y48robyXkLzDZkdLS3k="
        },
        "node_modules/busboy": {
            "version": "1.6.0",
            "resolved": "https://registry.npmjs.org/busboy/-/busboy-1.6.0.tgz",
            "integrity": "sha512-8SFQbg/0hQ9xy3UNTB0YEnsNBbWfhf7RtnzpL7TkBiTBRfrQ9Fxcnz7VJsleJpyp6rVLvXiuORqjlHi5q+PYuA==",
            "dependencies": {
                "streamsearch": "^1.1.0"
            },
            "engines": {
                "node": ">=10.16.0"
            }
        },
        "node_modules/call-bind": {
            "version": "1.0.7",
            "resolved": "https://registry.npmjs.org/call-bind/-/call-bind-1.0.7.tgz",
            "integrity": "sha512-GHTSNSYICQ7scH7sZ+M2rFopRoLh8t2bLSW6BbgrtLsahOIB5iyAVJf9GjWK3cYTDaMj4XdBpM1cA6pIS0Kv2w==",
            "dependencies": {
                "es-define-property": "^1.0.0",
                "es-errors": "^1.3.0",
                "function-bind": "^1.1.2",
                "get-intrinsic": "^1.2.4",
                "set-function-length": "^1.2.1"
            },
            "engines": {
                "node": ">= 0.4"
            },
            "funding": {
                "url": "https://github.com/sponsors/ljharb"
            }
        },
        "node_modules/caniuse-lite": {
            "version": "1.0.30001667",
            "resolved": "https://registry.npmjs.org/caniuse-lite/-/caniuse-lite-1.0.30001667.tgz",
            "integrity": "sha512-7LTwJjcRkzKFmtqGsibMeuXmvFDfZq/nzIjnmgCGzKKRVzjD72selLDK1oPF/Oxzmt4fNcPvTDvGqSDG4tCALw==",
            "funding": [
                {
                    "type": "opencollective",
                    "url": "https://opencollective.com/browserslist"
                },
                {
                    "type": "tidelift",
                    "url": "https://tidelift.com/funding/github/npm/caniuse-lite"
                },
                {
                    "type": "github",
                    "url": "https://github.com/sponsors/ai"
                }
            ]
        },
        "node_modules/client-only": {
            "version": "0.0.1",
            "resolved": "https://registry.npmjs.org/client-only/-/client-only-0.0.1.tgz",
            "integrity": "sha512-IV3Ou0jSMzZrd3pZ48nLkT9DA7Ag1pnPzaiQhpW7c3RbcqqzvzzVu+L8gfqMp/8IM2MQtSiqaCxrrcfu8I8rMA=="
        },
        "node_modules/combined-stream": {
            "version": "1.0.8",
            "resolved": "https://registry.npmjs.org/combined-stream/-/combined-stream-1.0.8.tgz",
            "integrity": "sha512-FQN4MRfuJeHf7cBbBMJFXhKSDq+2kAArBlmRBvcvFE5BB1HZKXtSFASDhdlz9zOYwxh8lDdnvmMOe/+5cdoEdg==",
            "dependencies": {
                "delayed-stream": "~1.0.0"
            },
            "engines": {
                "node": ">= 0.8"
            }
        },
        "node_modules/core-util-is": {
            "version": "1.0.3",
            "resolved": "https://registry.npmjs.org/core-util-is/-/core-util-is-1.0.3.tgz",
            "integrity": "sha512-ZQBvi1DcpJ4GDqanjucZ2Hj3wEO5pZDS89BWbkcrvdxksJorwUDDZamX9ldFkp9aw2lmBDLgkObEA4DWNJ9FYQ=="
        },
        "node_modules/date-fns": {
            "version": "4.1.0",
            "resolved": "https://registry.npmjs.org/date-fns/-/date-fns-4.1.0.tgz",
            "integrity": "sha512-Ukq0owbQXxa/U3EGtsdVBkR1w7KOQ5gIBqdH2hkvknzZPYvBxb/aa6E8L7tmjFtkwZBu3UXBbjIgPo/Ez4xaNg==",
            "funding": {
                "type": "github",
                "url": "https://github.com/sponsors/kossnocorp"
            }
        },
        "node_modules/define-data-property": {
            "version": "1.1.4",
            "resolved": "https://registry.npmjs.org/define-data-property/-/define-data-property-1.1.4.tgz",
            "integrity": "sha512-rBMvIzlpA8v6E+SJZoo++HAYqsLrkg7MSfIinMPFhmkorw7X+dOXVJQs+QT69zGkzMyfDnIMN2Wid1+NbL3T+A==",
            "dependencies": {
                "es-define-property": "^1.0.0",
                "es-errors": "^1.3.0",
                "gopd": "^1.0.1"
            },
            "engines": {
                "node": ">= 0.4"
            },
            "funding": {
                "url": "https://github.com/sponsors/ljharb"
            }
        },
        "node_modules/delayed-stream": {
            "version": "1.0.0",
            "resolved": "https://registry.npmjs.org/delayed-stream/-/delayed-stream-1.0.0.tgz",
            "integrity": "sha1-3zrhmayt+31ECqrgsp4icrJOxhk=",
            "engines": {
                "node": ">=0.4.0"
            }
        },
        "node_modules/es-define-property": {
            "version": "1.0.0",
            "resolved": "https://registry.npmjs.org/es-define-property/-/es-define-property-1.0.0.tgz",
            "integrity": "sha512-jxayLKShrEqqzJ0eumQbVhTYQM27CfT1T35+gCgDFoL82JLsXqTJ76zv6A0YLOgEnLUMvLzsDsGIrl8NFpT2gQ==",
            "dependencies": {
                "get-intrinsic": "^1.2.4"
            },
            "engines": {
                "node": ">= 0.4"
            }
        },
        "node_modules/es-errors": {
            "version": "1.3.0",
            "resolved": "https://registry.npmjs.org/es-errors/-/es-errors-1.3.0.tgz",
            "integrity": "sha512-Zf5H2Kxt2xjTvbJvP2ZWLEICxA6j+hAmMzIlypy4xcBg1vKVnx89Wy0GbS+kf5cwCVFFzdCFh2XSCFNULS6csw==",
            "engines": {
                "node": ">= 0.4"
            }
        },
        "node_modules/form-data": {
            "version": "3.0.1",
            "resolved": "https://registry.npmjs.org/form-data/-/form-data-3.0.1.tgz",
            "integrity": "sha512-RHkBKtLWUVwd7SqRIvCZMEvAMoGUp0XU+seQiZejj0COz3RI3hWP4sCv3gZWWLjJTd7rGwcsF5eKZGii0r/hbg==",
            "dependencies": {
                "asynckit": "^0.4.0",
                "combined-stream": "^1.0.8",
                "mime-types": "^2.1.12"
            },
            "engines": {
                "node": ">= 6"
            }
        },
        "node_modules/ftp": {
            "version": "0.3.10",
            "resolved": "https://registry.npmjs.org/ftp/-/ftp-0.3.10.tgz",
            "integrity": "sha512-faFVML1aBx2UoDStmLwv2Wptt4vw5x03xxX172nhA5Y5HBshW5JweqQ2W4xL4dezQTG8inJsuYcpPHHU3X5OTQ==",
            "dependencies": {
                "readable-stream": "1.1.x",
                "xregexp": "2.0.0"
            },
            "engines": {
                "node": ">=0.8.0"
            }
        },
        "node_modules/function-bind": {
            "version": "1.1.2",
            "resolved": "https://registry.npmjs.org/function-bind/-/function-bind-1.1.2.tgz",
            "integrity": "sha512-7XHNxH7qX9xG5mIwxkhumTox/MIRNcOgDrxWsMt2pAr23WHp6MrRlN7FBSFpCpr+oVO0F744iUgR82nJMfG2SA==",
            "funding": {
                "url": "https://github.com/sponsors/ljharb"
            }
        },
        "node_modules/get-intrinsic": {
            "version": "1.2.4",
            "resolved": "https://registry.npmjs.org/get-intrinsic/-/get-intrinsic-1.2.4.tgz",
            "integrity": "sha512-5uYhsJH8VJBTv7oslg4BznJYhDoRI6waYCxMmCdnTrcCrHA/fCFKoTFz2JKKE0HdDFUF7/oQuhzumXJK7paBRQ==",
            "dependencies": {
                "es-errors": "^1.3.0",
                "function-bind": "^1.1.2",
                "has-proto": "^1.0.1",
                "has-symbols": "^1.0.3",
                "hasown": "^2.0.0"
            },
            "engines": {
                "node": ">= 0.4"
            },
            "funding": {
                "url": "https://github.com/sponsors/ljharb"
            }
        },
        "node_modules/gopd": {
            "version": "1.0.1",
            "resolved": "https://registry.npmjs.org/gopd/-/gopd-1.0.1.tgz",
            "integrity": "sha512-d65bNlIadxvpb/A2abVdlqKqV563juRnZ1Wtk6s1sIR8uNsXR70xqIzVqxVf1eTqDunwT2MkczEeaezCKTZhwA==",
            "dependencies": {
                "get-intrinsic": "^1.1.3"
            },
            "funding": {
                "url": "https://github.com/sponsors/ljharb"
            }
        },
        "node_modules/has-property-descriptors": {
            "version": "1.0.2",
            "resolved": "https://registry.npmjs.org/has-property-descriptors/-/has-property-descriptors-1.0.2.tgz",
            "integrity": "sha512-55JNKuIW+vq4Ke1BjOTjM2YctQIvCT7GFzHwmfZPGo5wnrgkid0YQtnAleFSqumZm4az3n2BS+erby5ipJdgrg==",
            "dependencies": {
                "es-define-property": "^1.0.0"
            },
            "funding": {
                "url": "https://github.com/sponsors/ljharb"
            }
        },
        "node_modules/has-proto": {
            "version": "1.0.3",
            "resolved": "https://registry.npmjs.org/has-proto/-/has-proto-1.0.3.tgz",
            "integrity": "sha512-SJ1amZAJUiZS+PhsVLf5tGydlaVB8EdFpaSO4gmiUKUOxk8qzn5AIy4ZeJUmh22znIdk/uMAUT2pl3FxzVUH+Q==",
            "engines": {
                "node": ">= 0.4"
            },
            "funding": {
                "url": "https://github.com/sponsors/ljharb"
            }
        },
        "node_modules/has-symbols": {
            "version": "1.0.3",
            "resolved": "https://registry.npmjs.org/has-symbols/-/has-symbols-1.0.3.tgz",
            "integrity": "sha512-l3LCuF6MgDNwTDKkdYGEihYjt5pRPbEg46rtlmnSPlUbgmB8LOIrKJbYYFBSbnPaJexMKtiPO8hmeRjRz2Td+A==",
            "engines": {
                "node": ">= 0.4"
            },
            "funding": {
                "url": "https://github.com/sponsors/ljharb"
            }
        },
        "node_modules/hasown": {
            "version": "2.0.2",
            "resolved": "https://registry.npmjs.org/hasown/-/hasown-2.0.2.tgz",
            "integrity": "sha512-0hJU9SCPvmMzIBdZFqNPXWa6dqh7WdH0cII9y+CyS8rG3nL48Bclra9HmKhVVUHyPWNH5Y7xDwAB7bfgSjkUMQ==",
            "dependencies": {
                "function-bind": "^1.1.2"
            },
            "engines": {
                "node": ">= 0.4"
            }
        },
        "node_modules/inherits": {
            "version": "2.0.4",
            "resolved": "https://registry.npmjs.org/inherits/-/inherits-2.0.4.tgz",
            "integrity": "sha512-k/vGaX4/Yla3WzyMCvTQOXYeIHvqOKtnqBduzTHpzpQZzAskKMhZ2K+EnBiSM9zGSoIFeMpXKxa4dYeZIQqewQ=="
        },
        "node_modules/isarray": {
            "version": "0.0.1",
            "resolved": "https://registry.npmjs.org/isarray/-/isarray-0.0.1.tgz",
            "integrity": "sha512-D2S+3GLxWH+uhrNEcoh/fnmYeP8E8/zHl644d/jdA0g2uyXvy3sb0qxotE+ne0LtccHknQzWwZEzhak7oJ0COQ=="
        },
        "node_modules/js-tokens": {
            "version": "4.0.0",
            "resolved": "https://registry.npmjs.org/js-tokens/-/js-tokens-4.0.0.tgz",
            "integrity": "sha512-RdJUflcE3cUzKiMqQgsCu06FPu9UdIJO0beYbPhHN4k6apgJtifcoCtT9bcxOpYBtpD2kCM6Sbzg4CausW/PKQ=="
        },
        "node_modules/loose-envify": {
            "version": "1.4.0",
            "resolved": "https://registry.npmjs.org/loose-envify/-/loose-envify-1.4.0.tgz",
            "integrity": "sha512-lyuxPGr/Wfhrlem2CL/UcnUc1zcqKAImBDzukY7Y5F/yQiNdko6+fRLevlw1HgMySw7f611UIY408EtxRSoK3Q==",
            "dependencies": {
                "js-tokens": "^3.0.0 || ^4.0.0"
            },
            "bin": {
                "loose-envify": "cli.js"
            }
        },
        "node_modules/mime-db": {
            "version": "1.48.0",
            "resolved": "https://registry.npmjs.org/mime-db/-/mime-db-1.48.0.tgz",
            "integrity": "sha512-FM3QwxV+TnZYQ2aRqhlKBMHxk10lTbMt3bBkMAp54ddrNeVSfcQYOOKuGuy3Ddrm38I04If834fOUSq1yzslJQ==",
            "engines": {
                "node": ">= 0.6"
            }
        },
        "node_modules/mime-types": {
            "version": "2.1.31",
            "resolved": "https://registry.npmjs.org/mime-types/-/mime-types-2.1.31.tgz",
            "integrity": "sha512-XGZnNzm3QvgKxa8dpzyhFTHmpP3l5YNusmne07VUOXxou9CqUqYa/HBy124RqtVh/O2pECas/MOcsDgpilPOPg==",
            "dependencies": {
                "mime-db": "1.48.0"
            },
            "engines": {
                "node": ">= 0.6"
            }
        },
        "node_modules/nanoid": {
            "version": "3.3.7",
            "resolved": "https://registry.npmjs.org/nanoid/-/nanoid-3.3.7.tgz",
            "integrity": "sha512-eSRppjcPIatRIMC1U6UngP8XFcz8MQWGQdt1MTBQ7NaAmvXDfvNxbvWV3x2y6CdEUciCSsDHDQZbhYaB8QEo2g==",
            "funding": [
                {
                    "type": "github",
                    "url": "https://github.com/sponsors/ai"
                }
            ],
            "bin": {
                "nanoid": "bin/nanoid.cjs"
            },
            "engines": {
                "node": "^10 || ^12 || ^13.7 || ^14 || >=15.0.1"
            }
        },
        "node_modules/next": {
            "version": "13.4.3",
            "resolved": "https://registry.npmjs.org/next/-/next-13.4.3.tgz",
            "integrity": "sha512-FV3pBrAAnAIfOclTvncw9dDohyeuEEXPe5KNcva91anT/rdycWbgtu3IjUj4n5yHnWK8YEPo0vrUecHmnmUNbA==",
            "dependencies": {
                "@next/env": "13.4.3",
                "@swc/helpers": "0.5.1",
                "busboy": "1.6.0",
                "caniuse-lite": "^1.0.30001406",
                "postcss": "8.4.14",
                "styled-jsx": "5.1.1",
                "zod": "3.21.4"
            },
            "bin": {
                "next": "dist/bin/next"
            },
            "engines": {
                "node": ">=16.8.0"
            },
            "optionalDependencies": {
                "@next/swc-darwin-arm64": "13.4.3",
                "@next/swc-darwin-x64": "13.4.3",
                "@next/swc-linux-arm64-gnu": "13.4.3",
                "@next/swc-linux-arm64-musl": "13.4.3",
                "@next/swc-linux-x64-gnu": "13.4.3",
                "@next/swc-linux-x64-musl": "13.4.3",
                "@next/swc-win32-arm64-msvc": "13.4.3",
                "@next/swc-win32-ia32-msvc": "13.4.3",
                "@next/swc-win32-x64-msvc": "13.4.3"
            },
            "peerDependencies": {
                "@opentelemetry/api": "^1.1.0",
                "fibers": ">= 3.1.0",
                "node-sass": "^6.0.0 || ^7.0.0",
                "react": "^18.2.0",
                "react-dom": "^18.2.0",
                "sass": "^1.3.0"
            },
            "peerDependenciesMeta": {
                "@opentelemetry/api": {
                    "optional": true
                },
                "fibers": {
                    "optional": true
                },
                "node-sass": {
                    "optional": true
                },
                "sass": {
                    "optional": true
                }
            }
        },
        "node_modules/next-translate": {
            "version": "2.6.2",
            "resolved": "https://registry.npmjs.org/next-translate/-/next-translate-2.6.2.tgz",
            "integrity": "sha512-Dcfo2Vyw+Ds06+8BJM0RcV/lfN7R59kTY/NP+XJgSpcrFKZV6QJuKfS+K4+OHkKBdQnF3ZOT3wk1np9eZx/PEA==",
            "engines": {
                "node": ">=16.10.0"
            },
            "peerDependencies": {
                "next": ">= 13.2.5",
                "react": ">= 18.0.0"
            }
        },
        "node_modules/next-translate-plugin": {
            "version": "2.6.2",
            "resolved": "https://registry.npmjs.org/next-translate-plugin/-/next-translate-plugin-2.6.2.tgz",
            "integrity": "sha512-qfvYG//QfP7b+A/xXGP9K+bdswkAFCabguemuEqjxu+j8pRNoF+jWKmepRXRaAcn1PqFLBj6PBvYkqD1r5k5Zw==",
            "dev": true,
            "hasInstallScript": true,
            "dependencies": {
                "typescript": "4.5.2"
            },
            "engines": {
                "node": ">=14.15.0"
            },
            "peerDependencies": {
                "next-translate": ">= 2.4.1"
            }
        },
        "node_modules/node-fetch": {
            "version": "2.6.1",
            "resolved": "https://registry.npmjs.org/node-fetch/-/node-fetch-2.6.1.tgz",
            "integrity": "sha512-V4aYg89jEoVRxRb2fJdAg8FHvI7cEyYdVAh94HH0UIK8oJxUfkjlDQN9RbMx+bEjP7+ggMiFRprSti032Oipxw==",
            "engines": {
                "node": "4.x || >=6.0.0"
            }
        },
        "node_modules/object-inspect": {
            "version": "1.13.2",
            "resolved": "https://registry.npmjs.org/object-inspect/-/object-inspect-1.13.2.tgz",
            "integrity": "sha512-IRZSRuzJiynemAXPYtPe5BoI/RESNYR7TYm50MC5Mqbd3Jmw5y790sErYw3V6SryFJD64b74qQQs9wn5Bg/k3g==",
            "engines": {
                "node": ">= 0.4"
            },
            "funding": {
                "url": "https://github.com/sponsors/ljharb"
            }
        },
        "node_modules/picocolors": {
            "version": "1.1.0",
            "resolved": "https://registry.npmjs.org/picocolors/-/picocolors-1.1.0.tgz",
            "integrity": "sha512-TQ92mBOW0l3LeMeyLV6mzy/kWr8lkd/hp3mTg7wYK7zJhuBStmGMBG0BdeDZS/dZx1IukaX6Bk11zcln25o1Aw=="
        },
        "node_modules/postcss": {
            "version": "8.4.14",
            "resolved": "https://registry.npmjs.org/postcss/-/postcss-8.4.14.tgz",
            "integrity": "sha512-E398TUmfAYFPBSdzgeieK2Y1+1cpdxJx8yXbK/m57nRhKSmk1GB2tO4lbLBtlkfPQTDKfe4Xqv1ASWPpayPEig==",
            "funding": [
                {
                    "type": "opencollective",
                    "url": "https://opencollective.com/postcss/"
                },
                {
                    "type": "tidelift",
                    "url": "https://tidelift.com/funding/github/npm/postcss"
                }
            ],
            "dependencies": {
                "nanoid": "^3.3.4",
                "picocolors": "^1.0.0",
                "source-map-js": "^1.0.2"
            },
            "engines": {
                "node": "^10 || ^12 || >=14"
            }
        },
        "node_modules/punycode": {
            "version": "1.4.1",
            "resolved": "https://registry.npmjs.org/punycode/-/punycode-1.4.1.tgz",
            "integrity": "sha512-jmYNElW7yvO7TV33CjSmvSiE2yco3bV2czu/OzDKdMNVZQWfxCblURLhf+47syQRBntjfLdd/H0egrzIG+oaFQ=="
        },
        "node_modules/qs": {
            "version": "6.13.0",
            "resolved": "https://registry.npmjs.org/qs/-/qs-6.13.0.tgz",
            "integrity": "sha512-+38qI9SOr8tfZ4QmJNplMUxqjbe7LKvvZgWdExBOmd+egZTtjLB67Gu0HRX3u/XOq7UU2Nx6nsjvS16Z9uwfpg==",
            "dependencies": {
                "side-channel": "^1.0.6"
            },
            "engines": {
                "node": ">=0.6"
            },
            "funding": {
                "url": "https://github.com/sponsors/ljharb"
            }
        },
        "node_modules/react": {
            "version": "18.3.1",
            "resolved": "https://registry.npmjs.org/react/-/react-18.3.1.tgz",
            "integrity": "sha512-wS+hAgJShR0KhEvPJArfuPVN1+Hz1t0Y6n5jLrGQbkb4urgPE/0Rve+1kMB1v/oWgHgm4WIcV+i7F2pTVj+2iQ==",
            "dependencies": {
                "loose-envify": "^1.1.0"
            },
            "engines": {
                "node": ">=0.10.0"
            }
        },
        "node_modules/react-activity-calendar": {
            "version": "2.6.2",
            "resolved": "https://registry.npmjs.org/react-activity-calendar/-/react-activity-calendar-2.6.2.tgz",
            "integrity": "sha512-SEPJbuDnB9618lbS5Mcy3AhxZK9ICVbJtgjfAG2zm1mdt3DY+r/V+nQpN5+ruf2sWMfQYPEeAWL10TwF6Bmk/A==",
            "dependencies": {
                "date-fns": "^4.1.0"
            },
            "peerDependencies": {
                "react": "^18.0.0",
                "react-dom": "^18.0.0"
            }
        },
        "node_modules/react-dom": {
            "version": "18.2.0",
            "resolved": "https://registry.npmjs.org/react-dom/-/react-dom-18.2.0.tgz",
            "integrity": "sha512-6IMTriUmvsjHUjNtEDudZfuDQUoWXVxKHhlEGSk81n4YFS+r/Kl99wXiwlVXtPBtJenozv2P+hxDsw9eA7Xo6g==",
            "dependencies": {
                "loose-envify": "^1.1.0",
                "scheduler": "^0.23.0"
            },
            "peerDependencies": {
                "react": "^18.2.0"
            }
        },
        "node_modules/react-error-boundary": {
            "version": "4.0.13",
            "resolved": "https://registry.npmjs.org/react-error-boundary/-/react-error-boundary-4.0.13.tgz",
            "integrity": "sha512-b6PwbdSv8XeOSYvjt8LpgpKrZ0yGdtZokYwkwV2wlcZbxgopHX/hgPl5VgpnoVOWd868n1hktM8Qm4b+02MiLQ==",
            "dependencies": {
                "@babel/runtime": "^7.12.5"
            },
            "peerDependencies": {
                "react": ">=16.13.1"
            }
        },
        "node_modules/react-github-calendar": {
            "version": "4.4.1",
            "resolved": "https://registry.npmjs.org/react-github-calendar/-/react-github-calendar-4.4.1.tgz",
            "integrity": "sha512-aWriJEAYT5qdRzQbNeXOvEtxKPb1Es802go83ex2KTTlrgytNTeNSQPtLGLbVSYaFiNdMyNGV5wUd8yTKkGrOQ==",
            "dependencies": {
                "react-activity-calendar": "^2.6.1",
                "react-error-boundary": "^4.0.12"
            },
            "peerDependencies": {
                "react": "^17.0.0 || ^18.0.0",
                "react-dom": "^17.0.0 || ^18.0.0"
            }
        },
        "node_modules/readable-stream": {
            "version": "1.1.14",
            "resolved": "https://registry.npmjs.org/readable-stream/-/readable-stream-1.1.14.tgz",
            "integrity": "sha512-+MeVjFf4L44XUkhM1eYbD8fyEsxcV81pqMSR5gblfcLCHfZvbrqy4/qYHE+/R5HoBUT11WV5O08Cr1n3YXkWVQ==",
            "dependencies": {
                "core-util-is": "~1.0.0",
                "inherits": "~2.0.1",
                "isarray": "0.0.1",
                "string_decoder": "~0.10.x"
            }
        },
        "node_modules/regenerator-runtime": {
            "version": "0.14.1",
            "resolved": "https://registry.npmjs.org/regenerator-runtime/-/regenerator-runtime-0.14.1.tgz",
            "integrity": "sha512-dYnhHh0nJoMfnkZs6GmmhFknAGRrLznOu5nc9ML+EJxGvrx6H7teuevqVqCuPcPK//3eDrrjQhehXVx9cnkGdw=="
        },
        "node_modules/scheduler": {
            "version": "0.23.2",
            "resolved": "https://registry.npmjs.org/scheduler/-/scheduler-0.23.2.tgz",
            "integrity": "sha512-UOShsPwz7NrMUqhR6t0hWjFduvOzbtv7toDH1/hIrfRNIDBnnBWd0CwJTGvTpngVlmwGCdP9/Zl/tVrDqcuYzQ==",
            "dependencies": {
                "loose-envify": "^1.1.0"
            }
        },
        "node_modules/set-function-length": {
            "version": "1.2.2",
            "resolved": "https://registry.npmjs.org/set-function-length/-/set-function-length-1.2.2.tgz",
            "integrity": "sha512-pgRc4hJ4/sNjWCSS9AmnS40x3bNMDTknHgL5UaMBTMyJnU90EgWh1Rz+MC9eFu4BuN/UwZjKQuY/1v3rM7HMfg==",
            "dependencies": {
                "define-data-property": "^1.1.4",
                "es-errors": "^1.3.0",
                "function-bind": "^1.1.2",
                "get-intrinsic": "^1.2.4",
                "gopd": "^1.0.1",
                "has-property-descriptors": "^1.0.2"
            },
            "engines": {
                "node": ">= 0.4"
            }
        },
        "node_modules/side-channel": {
            "version": "1.0.6",
            "resolved": "https://registry.npmjs.org/side-channel/-/side-channel-1.0.6.tgz",
            "integrity": "sha512-fDW/EZ6Q9RiO8eFG8Hj+7u/oW+XrPTIChwCOM2+th2A6OblDtYYIpve9m+KvI9Z4C9qSEXlaGR6bTEYHReuglA==",
            "dependencies": {
                "call-bind": "^1.0.7",
                "es-errors": "^1.3.0",
                "get-intrinsic": "^1.2.4",
                "object-inspect": "^1.13.1"
            },
            "engines": {
                "node": ">= 0.4"
            },
            "funding": {
                "url": "https://github.com/sponsors/ljharb"
            }
        },
        "node_modules/source-map-js": {
            "version": "1.2.1",
            "resolved": "https://registry.npmjs.org/source-map-js/-/source-map-js-1.2.1.tgz",
            "integrity": "sha512-UXWMKhLOwVKb728IUtQPXxfYU+usdybtUrK/8uGE8CQMvrhOpwvzDBwj0QhSL7MQc7vIsISBG8VQ8+IDQxpfQA==",
            "engines": {
                "node": ">=0.10.0"
            }
        },
        "node_modules/streamsearch": {
            "version": "1.1.0",
            "resolved": "https://registry.npmjs.org/streamsearch/-/streamsearch-1.1.0.tgz",
            "integrity": "sha512-Mcc5wHehp9aXz1ax6bZUyY5afg9u2rv5cqQI3mRrYkGC8rW2hM02jWuwjtL++LS5qinSyhj2QfLyNsuc+VsExg==",
            "engines": {
                "node": ">=10.0.0"
            }
        },
        "node_modules/string_decoder": {
            "version": "0.10.31",
            "resolved": "https://registry.npmjs.org/string_decoder/-/string_decoder-0.10.31.tgz",
            "integrity": "sha512-ev2QzSzWPYmy9GuqfIVildA4OdcGLeFZQrq5ys6RtiuF+RQQiZWr8TZNyAcuVXyQRYfEO+MsoB/1BuQVhOJuoQ=="
        },
        "node_modules/styled-jsx": {
            "version": "5.1.1",
            "resolved": "https://registry.npmjs.org/styled-jsx/-/styled-jsx-5.1.1.tgz",
            "integrity": "sha512-pW7uC1l4mBZ8ugbiZrcIsiIvVx1UmTfw7UkC3Um2tmfUq9Bhk8IiyEIPl6F8agHgjzku6j0xQEZbfA5uSgSaCw==",
            "dependencies": {
                "client-only": "0.0.1"
            },
            "engines": {
                "node": ">= 12.0.0"
            },
            "peerDependencies": {
                "react": ">= 16.8.0 || 17.x.x || ^18.0.0-0"
            },
            "peerDependenciesMeta": {
                "@babel/core": {
                    "optional": true
                },
                "babel-plugin-macros": {
                    "optional": true
                }
            }
        },
        "node_modules/tslib": {
            "version": "2.7.0",
            "resolved": "https://registry.npmjs.org/tslib/-/tslib-2.7.0.tgz",
            "integrity": "sha512-gLXCKdN1/j47AiHiOkJN69hJmcbGTHI0ImLmbYLHykhgeN0jVGola9yVjFgzCUklsZQMW55o+dW7IXv3RCXDzA=="
        },
        "node_modules/typescript": {
            "version": "4.5.2",
            "resolved": "https://registry.npmjs.org/typescript/-/typescript-4.5.2.tgz",
            "integrity": "sha512-5BlMof9H1yGt0P8/WF+wPNw6GfctgGjXp5hkblpyT+8rkASSmkUKMXrxR0Xg8ThVCi/JnHQiKXeBaEwCeQwMFw==",
            "dev": true,
            "bin": {
                "tsc": "bin/tsc",
                "tsserver": "bin/tsserver"
            },
            "engines": {
                "node": ">=4.2.0"
            }
        },
        "node_modules/url": {
            "version": "0.11.4",
            "resolved": "https://registry.npmjs.org/url/-/url-0.11.4.tgz",
            "integrity": "sha512-oCwdVC7mTuWiPyjLUz/COz5TLk6wgp0RCsN+wHZ2Ekneac9w8uuV0njcbbie2ME+Vs+d6duwmYuR3HgQXs1fOg==",
            "dependencies": {
                "punycode": "^1.4.1",
                "qs": "^6.12.3"
            },
            "engines": {
                "node": ">= 0.4"
            }
        },
        "node_modules/xregexp": {
            "version": "2.0.0",
            "resolved": "https://registry.npmjs.org/xregexp/-/xregexp-2.0.0.tgz",
            "integrity": "sha512-xl/50/Cf32VsGq/1R8jJE5ajH1yMCQkpmoS10QbFZWl2Oor4H0Me64Pu2yxvsRWK3m6soJbmGfzSR7BYmDcWAA==",
            "engines": {
                "node": "*"
            }
        },
        "node_modules/zod": {
            "version": "3.21.4",
            "resolved": "https://registry.npmjs.org/zod/-/zod-3.21.4.tgz",
            "integrity": "sha512-m46AKbrzKVzOzs/DZgVnG5H55N1sv1M8qZU3A8RIKbs3mrACDNeIOeilDymVb2HdmP8uwshOCF4uJ8uM9rCqJw==",
            "funding": {
                "url": "https://github.com/sponsors/colinhacks"
            }
        }
    }
}
